
Microsoft Visual Studio Solution File, Format Version 12.00
# Visual Studio Version 17
VisualStudioVersion = 17.7.34003.232
MinimumVisualStudioVersion = 10.0.40219.1
Project("{FAE04EC0-301F-11D3-BF4B-00C04F79EFBC}") = "Product.WebAPI.Consume", "Product.WebAPI.Consume\Product.WebAPI.Consume.csproj", "{9765F9DC-D3D3-4079-B0ED-06BCD05DF77B}"
EndProject
Global
	GlobalSection(SolutionConfigurationPlatforms) = preSolution
		Debug|Any CPU = Debug|Any CPU
		Release|Any CPU = Release|Any CPU
	EndGlobalSection
	GlobalSection(ProjectConfigurationPlatforms) = postSolution
		{9765F9DC-D3D3-4079-B0ED-06BCD05DF77B}.Debug|Any CPU.ActiveCfg = Debug|Any CPU
		{9765F9DC-D3D3-4079-B0ED-06BCD05DF77B}.Debug|Any CPU.Build.0 = Debug|Any CPU
		{9765F9DC-D3D3-4079-B0ED-06BCD05DF77B}.Release|Any CPU.ActiveCfg = Release|Any CPU
		{9765F9DC-D3D3-4079-B0ED-06BCD05DF77B}.Release|Any CPU.Build.0 = Release|Any CPU
	EndGlobalSection
	GlobalSection(SolutionProperties) = preSolution
		HideSolutionNode = FALSE
	EndGlobalSection
	GlobalSection(ExtensibilityGlobals) = postSolution
		SolutionGuid = {32A8072B-1676-4C00-994F-DA2EEA20B89A}
	EndGlobalSection
EndGlobal
